
Microsoft Visual Studio Solution File, Format Version 12.00
# Visual Studio Version 17
Project("{8BC9CEB8-8B4A-11D0-8D11-00A0C91BC942}") = "ALL_BUILD", "ALL_BUILD.vcxproj", "{B2E9D6C3-B846-32BB-89AF-BE1B44D4A377}"
	ProjectSection(ProjectDependencies) = postProject
		{428B64AD-EEED-3162-8DC4-AF46974916C0} = {428B64AD-EEED-3162-8DC4-AF46974916C0}
		{60C305F8-0564-3A12-818D-5E6AE73CE291} = {60C305F8-0564-3A12-818D-5E6AE73CE291}
	EndProjectSection
EndProject
Project("{8BC9CEB8-8B4A-11D0-8D11-00A0C91BC942}") = "ZERO_CHECK", "ZERO_CHECK.vcxproj", "{428B64AD-EEED-3162-8DC4-AF46974916C0}"
	ProjectSection(ProjectDependencies) = postProject
	EndProjectSection
EndProject
Project("{8BC9CEB8-8B4A-11D0-8D11-00A0C91BC942}") = "sfml_sample", "sfml_sample.vcxproj", "{60C305F8-0564-3A12-818D-5E6AE73CE291}"
	ProjectSection(ProjectDependencies) = postProject
		{428B64AD-EEED-3162-8DC4-AF46974916C0} = {428B64AD-EEED-3162-8DC4-AF46974916C0}
	EndProjectSection
EndProject
Global
	GlobalSection(SolutionConfigurationPlatforms) = preSolution
		Debug|x64 = Debug|x64
		Release|x64 = Release|x64
		MinSizeRel|x64 = MinSizeRel|x64
		RelWithDebInfo|x64 = RelWithDebInfo|x64
	EndGlobalSection
	GlobalSection(ProjectConfigurationPlatforms) = postSolution
		{B2E9D6C3-B846-32BB-89AF-BE1B44D4A377}.Debug|x64.ActiveCfg = Debug|x64
		{B2E9D6C3-B846-32BB-89AF-BE1B44D4A377}.Release|x64.ActiveCfg = Release|x64
		{B2E9D6C3-B846-32BB-89AF-BE1B44D4A377}.MinSizeRel|x64.ActiveCfg = MinSizeRel|x64
		{B2E9D6C3-B846-32BB-89AF-BE1B44D4A377}.RelWithDebInfo|x64.ActiveCfg = RelWithDebInfo|x64
		{428B64AD-EEED-3162-8DC4-AF46974916C0}.Debug|x64.ActiveCfg = Debug|x64
		{428B64AD-EEED-3162-8DC4-AF46974916C0}.Debug|x64.Build.0 = Debug|x64
		{428B64AD-EEED-3162-8DC4-AF46974916C0}.Release|x64.ActiveCfg = Release|x64
		{428B64AD-EEED-3162-8DC4-AF46974916C0}.Release|x64.Build.0 = Release|x64
		{428B64AD-EEED-3162-8DC4-AF46974916C0}.MinSizeRel|x64.ActiveCfg = MinSizeRel|x64
		{428B64AD-EEED-3162-8DC4-AF46974916C0}.MinSizeRel|x64.Build.0 = MinSizeRel|x64
		{428B64AD-EEED-3162-8DC4-AF46974916C0}.RelWithDebInfo|x64.ActiveCfg = RelWithDebInfo|x64
		{428B64AD-EEED-3162-8DC4-AF46974916C0}.RelWithDebInfo|x64.Build.0 = RelWithDebInfo|x64
		{60C305F8-0564-3A12-818D-5E6AE73CE291}.Debug|x64.ActiveCfg = Debug|x64
		{60C305F8-0564-3A12-818D-5E6AE73CE291}.Debug|x64.Build.0 = Debug|x64
		{60C305F8-0564-3A12-818D-5E6AE73CE291}.Release|x64.ActiveCfg = Release|x64
		{60C305F8-0564-3A12-818D-5E6AE73CE291}.Release|x64.Build.0 = Release|x64
		{60C305F8-0564-3A12-818D-5E6AE73CE291}.MinSizeRel|x64.ActiveCfg = MinSizeRel|x64
		{60C305F8-0564-3A12-818D-5E6AE73CE291}.MinSizeRel|x64.Build.0 = MinSizeRel|x64
		{60C305F8-0564-3A12-818D-5E6AE73CE291}.RelWithDebInfo|x64.ActiveCfg = RelWithDebInfo|x64
		{60C305F8-0564-3A12-818D-5E6AE73CE291}.RelWithDebInfo|x64.Build.0 = RelWithDebInfo|x64
	EndGlobalSection
	GlobalSection(ExtensibilityGlobals) = postSolution
		SolutionGuid = {9D9CA960-1CFF-3B8C-8677-3655086EC78E}
	EndGlobalSection
	GlobalSection(ExtensibilityAddIns) = postSolution
	EndGlobalSection
EndGlobal
