<?xml version="1.0" encoding="utf-8"?>
<Project ToolsVersion="17.0" xmlns="http://schemas.microsoft.com/developer/msbuild/2003">
  <ItemGroup>
    <CustomBuild Include="C:\Users\Admin\Documents\build\CMakeFiles\e607d07905b5e72c1b48a5e136b3639f\generate.stamp.rule">
      <Filter>CMake Rules</Filter>
    </CustomBuild>
  </ItemGroup>
  <ItemGroup>
    <Filter Include="CMake Rules">
      <UniqueIdentifier>{DB6A9A90-813C-30E8-A531-19B939EBDBC4}</UniqueIdentifier>
    </Filter>
  </ItemGroup>
</Project>
